// !$*UTF8*$!
{
	archiveVersion = 1;
	classes = {
	};
	objectVersion = 56;
	objects = {

/* Begin PBXBuildFile section */
		6226721028F0E1FE001A3CCD /* DesignSystemFont+ViewModifier.swift in Sources */ = {isa = PBXBuildFile; fileRef = 6226720F28F0E1FE001A3CCD /* DesignSystemFont+ViewModifier.swift */; };
		6236070028E78D530087CC1D /* Color+Custom.swift in Sources */ = {isa = PBXBuildFile; fileRef = 623606FF28E78D530087CC1D /* Color+Custom.swift */; };
		6236070528E792D20087CC1D /* DetailsView.swift in Sources */ = {isa = PBXBuildFile; fileRef = 6236070428E792D20087CC1D /* DetailsView.swift */; };
		6236070828E793DB0087CC1D /* DetailsSummaryCardView.swift in Sources */ = {isa = PBXBuildFile; fileRef = 6236070728E793DB0087CC1D /* DetailsSummaryCardView.swift */; };
		6248F66D28E781FD0050DFD6 /* PetloveApp.swift in Sources */ = {isa = PBXBuildFile; fileRef = 6248F66C28E781FD0050DFD6 /* PetloveApp.swift */; };
		6248F66F28E781FD0050DFD6 /* HomeView.swift in Sources */ = {isa = PBXBuildFile; fileRef = 6248F66E28E781FD0050DFD6 /* HomeView.swift */; };
		6248F67128E781FE0050DFD6 /* Assets.xcassets in Resources */ = {isa = PBXBuildFile; fileRef = 6248F67028E781FE0050DFD6 /* Assets.xcassets */; };
		6248F67428E781FE0050DFD6 /* Preview Assets.xcassets in Resources */ = {isa = PBXBuildFile; fileRef = 6248F67328E781FE0050DFD6 /* Preview Assets.xcassets */; };
		624F539128F493AD00FA54E0 /* DSThumbnailView.swift in Sources */ = {isa = PBXBuildFile; fileRef = 624F539028F493AD00FA54E0 /* DSThumbnailView.swift */; };
		628F43AC28ECED8C009F4BF9 /* ContentView.swift in Sources */ = {isa = PBXBuildFile; fileRef = 628F43AB28ECED8C009F4BF9 /* ContentView.swift */; };
		62ABDF7328F0C98100858BBD /* DSFooterCardView.swift in Sources */ = {isa = PBXBuildFile; fileRef = 62ABDF7228F0C98100858BBD /* DSFooterCardView.swift */; };
		62ABDF8328F0DAF400858BBD /* Roboto-Thin.ttf in Resources */ = {isa = PBXBuildFile; fileRef = 62ABDF7728F0DAF300858BBD /* Roboto-Thin.ttf */; };
		62ABDF8428F0DAF400858BBD /* Roboto-Italic.ttf in Resources */ = {isa = PBXBuildFile; fileRef = 62ABDF7828F0DAF300858BBD /* Roboto-Italic.ttf */; };
		62ABDF8528F0DAF400858BBD /* Roboto-Black.ttf in Resources */ = {isa = PBXBuildFile; fileRef = 62ABDF7928F0DAF300858BBD /* Roboto-Black.ttf */; };
		62ABDF8728F0DAF400858BBD /* Roboto-Medium.ttf in Resources */ = {isa = PBXBuildFile; fileRef = 62ABDF7B28F0DAF300858BBD /* Roboto-Medium.ttf */; };
		62ABDF8928F0DAF400858BBD /* Roboto-Bold.ttf in Resources */ = {isa = PBXBuildFile; fileRef = 62ABDF7D28F0DAF300858BBD /* Roboto-Bold.ttf */; };
		62ABDF8A28F0DAF400858BBD /* Roboto-Regular.ttf in Resources */ = {isa = PBXBuildFile; fileRef = 62ABDF7E28F0DAF300858BBD /* Roboto-Regular.ttf */; };
		62ABDF8B28F0DAF400858BBD /* Roboto-Light.ttf in Resources */ = {isa = PBXBuildFile; fileRef = 62ABDF7F28F0DAF400858BBD /* Roboto-Light.ttf */; };
		62C958A228F3277700723E05 /* DetailsProductSectionView.swift in Sources */ = {isa = PBXBuildFile; fileRef = 62C958A128F3277700723E05 /* DetailsProductSectionView.swift */; };
		62C958A528F34F3700723E05 /* DSButton.swift in Sources */ = {isa = PBXBuildFile; fileRef = 62C958A428F34F3700723E05 /* DSButton.swift */; };
/* End PBXBuildFile section */

/* Begin PBXFileReference section */
		6226720E28F0E043001A3CCD /* Info.plist */ = {isa = PBXFileReference; lastKnownFileType = text.plist.xml; path = Info.plist; sourceTree = SOURCE_ROOT; };
		6226720F28F0E1FE001A3CCD /* DesignSystemFont+ViewModifier.swift */ = {isa = PBXFileReference; lastKnownFileType = sourcecode.swift; path = "DesignSystemFont+ViewModifier.swift"; sourceTree = "<group>"; };
		623606FF28E78D530087CC1D /* Color+Custom.swift */ = {isa = PBXFileReference; lastKnownFileType = sourcecode.swift; path = "Color+Custom.swift"; sourceTree = "<group>"; };
		6236070428E792D20087CC1D /* DetailsView.swift */ = {isa = PBXFileReference; lastKnownFileType = sourcecode.swift; path = DetailsView.swift; sourceTree = "<group>"; };
		6236070728E793DB0087CC1D /* DetailsSummaryCardView.swift */ = {isa = PBXFileReference; lastKnownFileType = sourcecode.swift; path = DetailsSummaryCardView.swift; sourceTree = "<group>"; };
		6248F66928E781FD0050DFD6 /* Petlove SwiftUI.app */ = {isa = PBXFileReference; explicitFileType = wrapper.application; includeInIndex = 0; path = "Petlove SwiftUI.app"; sourceTree = BUILT_PRODUCTS_DIR; };
		6248F66C28E781FD0050DFD6 /* PetloveApp.swift */ = {isa = PBXFileReference; lastKnownFileType = sourcecode.swift; path = PetloveApp.swift; sourceTree = "<group>"; };
		6248F66E28E781FD0050DFD6 /* HomeView.swift */ = {isa = PBXFileReference; lastKnownFileType = sourcecode.swift; path = HomeView.swift; sourceTree = "<group>"; };
		6248F67028E781FE0050DFD6 /* Assets.xcassets */ = {isa = PBXFileReference; lastKnownFileType = folder.assetcatalog; path = Assets.xcassets; sourceTree = "<group>"; };
		6248F67328E781FE0050DFD6 /* Preview Assets.xcassets */ = {isa = PBXFileReference; lastKnownFileType = folder.assetcatalog; path = "Preview Assets.xcassets"; sourceTree = "<group>"; };
		624F539028F493AD00FA54E0 /* DSThumbnailView.swift */ = {isa = PBXFileReference; lastKnownFileType = sourcecode.swift; path = DSThumbnailView.swift; sourceTree = "<group>"; };
		628F43AB28ECED8C009F4BF9 /* ContentView.swift */ = {isa = PBXFileReference; lastKnownFileType = sourcecode.swift; path = ContentView.swift; sourceTree = "<group>"; };
		62ABDF7228F0C98100858BBD /* DSFooterCardView.swift */ = {isa = PBXFileReference; lastKnownFileType = sourcecode.swift; path = DSFooterCardView.swift; sourceTree = "<group>"; };
		62ABDF7728F0DAF300858BBD /* Roboto-Thin.ttf */ = {isa = PBXFileReference; lastKnownFileType = file; path = "Roboto-Thin.ttf"; sourceTree = "<group>"; };
		62ABDF7828F0DAF300858BBD /* Roboto-Italic.ttf */ = {isa = PBXFileReference; lastKnownFileType = file; path = "Roboto-Italic.ttf"; sourceTree = "<group>"; };
		62ABDF7928F0DAF300858BBD /* Roboto-Black.ttf */ = {isa = PBXFileReference; lastKnownFileType = file; path = "Roboto-Black.ttf"; sourceTree = "<group>"; };
		62ABDF7B28F0DAF300858BBD /* Roboto-Medium.ttf */ = {isa = PBXFileReference; lastKnownFileType = file; path = "Roboto-Medium.ttf"; sourceTree = "<group>"; };
		62ABDF7D28F0DAF300858BBD /* Roboto-Bold.ttf */ = {isa = PBXFileReference; lastKnownFileType = file; path = "Roboto-Bold.ttf"; sourceTree = "<group>"; };
		62ABDF7E28F0DAF300858BBD /* Roboto-Regular.ttf */ = {isa = PBXFileReference; lastKnownFileType = file; path = "Roboto-Regular.ttf"; sourceTree = "<group>"; };
		62ABDF7F28F0DAF400858BBD /* Roboto-Light.ttf */ = {isa = PBXFileReference; lastKnownFileType = file; path = "Roboto-Light.ttf"; sourceTree = "<group>"; };
		62C958A128F3277700723E05 /* DetailsProductSectionView.swift */ = {isa = PBXFileReference; lastKnownFileType = sourcecode.swift; path = DetailsProductSectionView.swift; sourceTree = "<group>"; };
		62C958A428F34F3700723E05 /* DSButton.swift */ = {isa = PBXFileReference; lastKnownFileType = sourcecode.swift; path = DSButton.swift; sourceTree = "<group>"; };
/* End PBXFileReference section */

/* Begin PBXFrameworksBuildPhase section */
		6248F66628E781FD0050DFD6 /* Frameworks */ = {
			isa = PBXFrameworksBuildPhase;
			buildActionMask = 2147483647;
			files = (
			);
			runOnlyForDeploymentPostprocessing = 0;
		};
/* End PBXFrameworksBuildPhase section */

/* Begin PBXGroup section */
		623606FE28E78D2A0087CC1D /* Utils */ = {
			isa = PBXGroup;
			children = (
				623606FF28E78D530087CC1D /* Color+Custom.swift */,
				6226720F28F0E1FE001A3CCD /* DesignSystemFont+ViewModifier.swift */,
			);
			path = Utils;
			sourceTree = "<group>";
		};
		6236070128E7911E0087CC1D /* Scenes */ = {
			isa = PBXGroup;
			children = (
				6236070328E791460087CC1D /* Details */,
				6236070228E7913B0087CC1D /* Home */,
				628F43AB28ECED8C009F4BF9 /* ContentView.swift */,
			);
			path = Scenes;
			sourceTree = "<group>";
		};
		6236070228E7913B0087CC1D /* Home */ = {
			isa = PBXGroup;
			children = (
				6248F66E28E781FD0050DFD6 /* HomeView.swift */,
			);
			path = Home;
			sourceTree = "<group>";
		};
		6236070328E791460087CC1D /* Details */ = {
			isa = PBXGroup;
			children = (
				62ABDF7128F0C91800858BBD /* Subviews */,
				6236070428E792D20087CC1D /* DetailsView.swift */,
			);
			path = Details;
			sourceTree = "<group>";
		};
		6236070628E793970087CC1D /* Components */ = {
			isa = PBXGroup;
			children = (
				62C958A328F329A600723E05 /* Button */,
				62C958A028F3223300723E05 /* Thumbnail */,
				62C9589F28F3222300723E05 /* Card */,
			);
			path = Components;
			sourceTree = "<group>";
		};
		6248F66028E781FD0050DFD6 = {
			isa = PBXGroup;
			children = (
				6248F66B28E781FD0050DFD6 /* Petlove SwiftUI */,
				6248F66A28E781FD0050DFD6 /* Products */,
			);
			sourceTree = "<group>";
		};
		6248F66A28E781FD0050DFD6 /* Products */ = {
			isa = PBXGroup;
			children = (
				6248F66928E781FD0050DFD6 /* Petlove SwiftUI.app */,
			);
			name = Products;
			sourceTree = "<group>";
		};
		6248F66B28E781FD0050DFD6 /* Petlove SwiftUI */ = {
			isa = PBXGroup;
			children = (
				6226720E28F0E043001A3CCD /* Info.plist */,
				6248F66C28E781FD0050DFD6 /* PetloveApp.swift */,
				623606FE28E78D2A0087CC1D /* Utils */,
				62ABDF7428F0DAC900858BBD /* Fonts */,
				6236070628E793970087CC1D /* Components */,
				6236070128E7911E0087CC1D /* Scenes */,
				6248F67028E781FE0050DFD6 /* Assets.xcassets */,
				6248F67228E781FE0050DFD6 /* Preview Content */,
			);
			path = "Petlove SwiftUI";
			sourceTree = "<group>";
		};
		6248F67228E781FE0050DFD6 /* Preview Content */ = {
			isa = PBXGroup;
			children = (
				6248F67328E781FE0050DFD6 /* Preview Assets.xcassets */,
			);
			path = "Preview Content";
			sourceTree = "<group>";
		};
		62ABDF7128F0C91800858BBD /* Subviews */ = {
			isa = PBXGroup;
			children = (
				6236070728E793DB0087CC1D /* DetailsSummaryCardView.swift */,
				62C958A128F3277700723E05 /* DetailsProductSectionView.swift */,
			);
			path = Subviews;
			sourceTree = "<group>";
		};
		62ABDF7428F0DAC900858BBD /* Fonts */ = {
			isa = PBXGroup;
			children = (
				62ABDF7928F0DAF300858BBD /* Roboto-Black.ttf */,
				62ABDF7D28F0DAF300858BBD /* Roboto-Bold.ttf */,
				62ABDF7828F0DAF300858BBD /* Roboto-Italic.ttf */,
				62ABDF7F28F0DAF400858BBD /* Roboto-Light.ttf */,
				62ABDF7B28F0DAF300858BBD /* Roboto-Medium.ttf */,
				62ABDF7E28F0DAF300858BBD /* Roboto-Regular.ttf */,
				62ABDF7728F0DAF300858BBD /* Roboto-Thin.ttf */,
			);
			path = Fonts;
			sourceTree = "<group>";
		};
		62C9589F28F3222300723E05 /* Card */ = {
			isa = PBXGroup;
			children = (
				62ABDF7228F0C98100858BBD /* DSFooterCardView.swift */,
			);
			path = Card;
			sourceTree = "<group>";
		};
		62C958A028F3223300723E05 /* Thumbnail */ = {
			isa = PBXGroup;
			children = (
				624F539028F493AD00FA54E0 /* DSThumbnailView.swift */,
			);
			path = Thumbnail;
			sourceTree = "<group>";
		};
		62C958A328F329A600723E05 /* Button */ = {
			isa = PBXGroup;
			children = (
				62C958A428F34F3700723E05 /* DSButton.swift */,
			);
			path = Button;
			sourceTree = "<group>";
		};
/* End PBXGroup section */

/* Begin PBXNativeTarget section */
		6248F66828E781FD0050DFD6 /* Petlove SwiftUI */ = {
			isa = PBXNativeTarget;
			buildConfigurationList = 6248F68D28E781FE0050DFD6 /* Build configuration list for PBXNativeTarget "Petlove SwiftUI" */;
			buildPhases = (
				6248F66528E781FD0050DFD6 /* Sources */,
				6248F66628E781FD0050DFD6 /* Frameworks */,
				6248F66728E781FD0050DFD6 /* Resources */,
			);
			buildRules = (
			);
			dependencies = (
			);
			name = "Petlove SwiftUI";
			productName = "Petlove SwiftUI";
			productReference = 6248F66928E781FD0050DFD6 /* Petlove SwiftUI.app */;
			productType = "com.apple.product-type.application";
		};
/* End PBXNativeTarget section */

/* Begin PBXProject section */
		6248F66128E781FD0050DFD6 /* Project object */ = {
			isa = PBXProject;
			attributes = {
				BuildIndependentTargetsInParallel = 1;
				LastSwiftUpdateCheck = 1400;
				LastUpgradeCheck = 1400;
				TargetAttributes = {
					6248F66828E781FD0050DFD6 = {
						CreatedOnToolsVersion = 14.0;
					};
				};
			};
			buildConfigurationList = 6248F66428E781FD0050DFD6 /* Build configuration list for PBXProject "Petlove SwiftUI" */;
			compatibilityVersion = "Xcode 14.0";
			developmentRegion = en;
			hasScannedForEncodings = 0;
			knownRegions = (
				en,
				Base,
			);
			mainGroup = 6248F66028E781FD0050DFD6;
			productRefGroup = 6248F66A28E781FD0050DFD6 /* Products */;
			projectDirPath = "";
			projectRoot = "";
			targets = (
				6248F66828E781FD0050DFD6 /* Petlove SwiftUI */,
			);
		};
/* End PBXProject section */

/* Begin PBXResourcesBuildPhase section */
		6248F66728E781FD0050DFD6 /* Resources */ = {
			isa = PBXResourcesBuildPhase;
			buildActionMask = 2147483647;
			files = (
				6248F67428E781FE0050DFD6 /* Preview Assets.xcassets in Resources */,
				62ABDF8428F0DAF400858BBD /* Roboto-Italic.ttf in Resources */,
				62ABDF8928F0DAF400858BBD /* Roboto-Bold.ttf in Resources */,
				62ABDF8A28F0DAF400858BBD /* Roboto-Regular.ttf in Resources */,
				62ABDF8528F0DAF400858BBD /* Roboto-Black.ttf in Resources */,
				62ABDF8328F0DAF400858BBD /* Roboto-Thin.ttf in Resources */,
				62ABDF8B28F0DAF400858BBD /* Roboto-Light.ttf in Resources */,
				6248F67128E781FE0050DFD6 /* Assets.xcassets in Resources */,
				62ABDF8728F0DAF400858BBD /* Roboto-Medium.ttf in Resources */,
			);
			runOnlyForDeploymentPostprocessing = 0;
		};
/* End PBXResourcesBuildPhase section */

/* Begin PBXSourcesBuildPhase section */
		6248F66528E781FD0050DFD6 /* Sources */ = {
			isa = PBXSourcesBuildPhase;
			buildActionMask = 2147483647;
			files = (
				6236070028E78D530087CC1D /* Color+Custom.swift in Sources */,
				6236070528E792D20087CC1D /* DetailsView.swift in Sources */,
				628F43AC28ECED8C009F4BF9 /* ContentView.swift in Sources */,
				624F539128F493AD00FA54E0 /* DSThumbnailView.swift in Sources */,
				6248F66F28E781FD0050DFD6 /* HomeView.swift in Sources */,
				62C958A528F34F3700723E05 /* DSButton.swift in Sources */,
				62ABDF7328F0C98100858BBD /* DSFooterCardView.swift in Sources */,
				6226721028F0E1FE001A3CCD /* DesignSystemFont+ViewModifier.swift in Sources */,
				62C958A228F3277700723E05 /* DetailsProductSectionView.swift in Sources */,
				6248F66D28E781FD0050DFD6 /* PetloveApp.swift in Sources */,
				6236070828E793DB0087CC1D /* DetailsSummaryCardView.swift in Sources */,
			);
			runOnlyForDeploymentPostprocessing = 0;
		};
/* End PBXSourcesBuildPhase section */

/* Begin XCBuildConfiguration section */
		6248F68B28E781FE0050DFD6 /* Debug */ = {
			isa = XCBuildConfiguration;
			buildSettings = {
				ALWAYS_SEARCH_USER_PATHS = NO;
				CLANG_ANALYZER_NONNULL = YES;
				CLANG_ANALYZER_NUMBER_OBJECT_CONVERSION = YES_AGGRESSIVE;
				CLANG_CXX_LANGUAGE_STANDARD = "gnu++20";
				CLANG_ENABLE_MODULES = YES;
				CLANG_ENABLE_OBJC_ARC = YES;
				CLANG_ENABLE_OBJC_WEAK = YES;
				CLANG_WARN_BLOCK_CAPTURE_AUTORELEASING = YES;
				CLANG_WARN_BOOL_CONVERSION = YES;
				CLANG_WARN_COMMA = YES;
				CLANG_WARN_CONSTANT_CONVERSION = YES;
				CLANG_WARN_DEPRECATED_OBJC_IMPLEMENTATIONS = YES;
				CLANG_WARN_DIRECT_OBJC_ISA_USAGE = YES_ERROR;
				CLANG_WARN_DOCUMENTATION_COMMENTS = YES;
				CLANG_WARN_EMPTY_BODY = YES;
				CLANG_WARN_ENUM_CONVERSION = YES;
				CLANG_WARN_INFINITE_RECURSION = YES;
				CLANG_WARN_INT_CONVERSION = YES;
				CLANG_WARN_NON_LITERAL_NULL_CONVERSION = YES;
				CLANG_WARN_OBJC_IMPLICIT_RETAIN_SELF = YES;
				CLANG_WARN_OBJC_LITERAL_CONVERSION = YES;
				CLANG_WARN_OBJC_ROOT_CLASS = YES_ERROR;
				CLANG_WARN_QUOTED_INCLUDE_IN_FRAMEWORK_HEADER = YES;
				CLANG_WARN_RANGE_LOOP_ANALYSIS = YES;
				CLANG_WARN_STRICT_PROTOTYPES = YES;
				CLANG_WARN_SUSPICIOUS_MOVE = YES;
				CLANG_WARN_UNGUARDED_AVAILABILITY = YES_AGGRESSIVE;
				CLANG_WARN_UNREACHABLE_CODE = YES;
				CLANG_WARN__DUPLICATE_METHOD_MATCH = YES;
				COPY_PHASE_STRIP = NO;
				DEBUG_INFORMATION_FORMAT = dwarf;
				ENABLE_STRICT_OBJC_MSGSEND = YES;
				ENABLE_TESTABILITY = YES;
				GCC_C_LANGUAGE_STANDARD = gnu11;
				GCC_DYNAMIC_NO_PIC = NO;
				GCC_NO_COMMON_BLOCKS = YES;
				GCC_OPTIMIZATION_LEVEL = 0;
				GCC_PREPROCESSOR_DEFINITIONS = (
					"DEBUG=1",
					"$(inherited)",
				);
				GCC_WARN_64_TO_32_BIT_CONVERSION = YES;
				GCC_WARN_ABOUT_RETURN_TYPE = YES_ERROR;
				GCC_WARN_UNDECLARED_SELECTOR = YES;
				GCC_WARN_UNINITIALIZED_AUTOS = YES_AGGRESSIVE;
				GCC_WARN_UNUSED_FUNCTION = YES;
				GCC_WARN_UNUSED_VARIABLE = YES;
				GENERATE_INFOPLIST_FILE = NO;
				IPHONEOS_DEPLOYMENT_TARGET = 16.0;
				MTL_ENABLE_DEBUG_INFO = INCLUDE_SOURCE;
				MTL_FAST_MATH = YES;
				ONLY_ACTIVE_ARCH = YES;
				SDKROOT = iphoneos;
				SWIFT_ACTIVE_COMPILATION_CONDITIONS = DEBUG;
				SWIFT_OPTIMIZATION_LEVEL = "-Onone";
			};
			name = Debug;
		};
		6248F68C28E781FE0050DFD6 /* Release */ = {
			isa = XCBuildConfiguration;
			buildSettings = {
				ALWAYS_SEARCH_USER_PATHS = NO;
				CLANG_ANALYZER_NONNULL = YES;
				CLANG_ANALYZER_NUMBER_OBJECT_CONVERSION = YES_AGGRESSIVE;
				CLANG_CXX_LANGUAGE_STANDARD = "gnu++20";
				CLANG_ENABLE_MODULES = YES;
				CLANG_ENABLE_OBJC_ARC = YES;
				CLANG_ENABLE_OBJC_WEAK = YES;
				CLANG_WARN_BLOCK_CAPTURE_AUTORELEASING = YES;
				CLANG_WARN_BOOL_CONVERSION = YES;
				CLANG_WARN_COMMA = YES;
				CLANG_WARN_CONSTANT_CONVERSION = YES;
				CLANG_WARN_DEPRECATED_OBJC_IMPLEMENTATIONS = YES;
				CLANG_WARN_DIRECT_OBJC_ISA_USAGE = YES_ERROR;
				CLANG_WARN_DOCUMENTATION_COMMENTS = YES;
				CLANG_WARN_EMPTY_BODY = YES;
				CLANG_WARN_ENUM_CONVERSION = YES;
				CLANG_WARN_INFINITE_RECURSION = YES;
				CLANG_WARN_INT_CONVERSION = YES;
				CLANG_WARN_NON_LITERAL_NULL_CONVERSION = YES;
				CLANG_WARN_OBJC_IMPLICIT_RETAIN_SELF = YES;
				CLANG_WARN_OBJC_LITERAL_CONVERSION = YES;
				CLANG_WARN_OBJC_ROOT_CLASS = YES_ERROR;
				CLANG_WARN_QUOTED_INCLUDE_IN_FRAMEWORK_HEADER = YES;
				CLANG_WARN_RANGE_LOOP_ANALYSIS = YES;
				CLANG_WARN_STRICT_PROTOTYPES = YES;
				CLANG_WARN_SUSPICIOUS_MOVE = YES;
				CLANG_WARN_UNGUARDED_AVAILABILITY = YES_AGGRESSIVE;
				CLANG_WARN_UNREACHABLE_CODE = YES;
				CLANG_WARN__DUPLICATE_METHOD_MATCH = YES;
				COPY_PHASE_STRIP = NO;
				DEBUG_INFORMATION_FORMAT = "dwarf-with-dsym";
				ENABLE_NS_ASSERTIONS = NO;
				ENABLE_STRICT_OBJC_MSGSEND = YES;
				GCC_C_LANGUAGE_STANDARD = gnu11;
				GCC_NO_COMMON_BLOCKS = YES;
				GCC_WARN_64_TO_32_BIT_CONVERSION = YES;
				GCC_WARN_ABOUT_RETURN_TYPE = YES_ERROR;
				GCC_WARN_UNDECLARED_SELECTOR = YES;
				GCC_WARN_UNINITIALIZED_AUTOS = YES_AGGRESSIVE;
				GCC_WARN_UNUSED_FUNCTION = YES;
				GCC_WARN_UNUSED_VARIABLE = YES;
				GENERATE_INFOPLIST_FILE = NO;
				IPHONEOS_DEPLOYMENT_TARGET = 16.0;
				MTL_ENABLE_DEBUG_INFO = NO;
				MTL_FAST_MATH = YES;
				SDKROOT = iphoneos;
				SWIFT_COMPILATION_MODE = wholemodule;
				SWIFT_OPTIMIZATION_LEVEL = "-O";
				VALIDATE_PRODUCT = YES;
			};
			name = Release;
		};
		6248F68E28E781FE0050DFD6 /* Debug */ = {
			isa = XCBuildConfiguration;
			buildSettings = {
				ASSETCATALOG_COMPILER_APPICON_NAME = AppIcon;
				ASSETCATALOG_COMPILER_GLOBAL_ACCENT_COLOR_NAME = AccentColor;
				CODE_SIGN_STYLE = Automatic;
				CURRENT_PROJECT_VERSION = 1;
				DEVELOPMENT_ASSET_PATHS = "\"Petlove SwiftUI/Preview Content\"";
				DEVELOPMENT_TEAM = C97V5ZU9S5;
				ENABLE_PREVIEWS = YES;
				GENERATE_INFOPLIST_FILE = YES;
				INFOPLIST_FILE = Info.plist;
				INFOPLIST_KEY_LSApplicationCategoryType = "public.app-category.shopping";
				INFOPLIST_KEY_UIApplicationSceneManifest_Generation = YES;
				INFOPLIST_KEY_UIApplicationSupportsIndirectInputEvents = YES;
				INFOPLIST_KEY_UILaunchScreen_Generation = YES;
				INFOPLIST_KEY_UIStatusBarStyle = "";
				INFOPLIST_KEY_UISupportedInterfaceOrientations = UIInterfaceOrientationPortrait;
				LD_RUNPATH_SEARCH_PATHS = (
					"$(inherited)",
					"@executable_path/Frameworks",
				);
				MARKETING_VERSION = 1.0;
				PRODUCT_BUNDLE_IDENTIFIER = "dev.mr-araujo.petlove-swiftui";
				PRODUCT_NAME = "$(TARGET_NAME)";
				SWIFT_EMIT_LOC_STRINGS = YES;
				SWIFT_VERSION = 5.0;
				TARGETED_DEVICE_FAMILY = "1,2";
			};
			name = Debug;
		};
		6248F68F28E781FE0050DFD6 /* Release */ = {
			isa = XCBuildConfiguration;
			buildSettings = {
				ASSETCATALOG_COMPILER_APPICON_NAME = AppIcon;
				ASSETCATALOG_COMPILER_GLOBAL_ACCENT_COLOR_NAME = AccentColor;
				CODE_SIGN_STYLE = Automatic;
				CURRENT_PROJECT_VERSION = 1;
				DEVELOPMENT_ASSET_PATHS = "\"Petlove SwiftUI/Preview Content\"";
				DEVELOPMENT_TEAM = C97V5ZU9S5;
				ENABLE_PREVIEWS = YES;
				GENERATE_INFOPLIST_FILE = YES;
				INFOPLIST_FILE = Info.plist;
				INFOPLIST_KEY_LSApplicationCategoryType = "public.app-category.shopping";
				INFOPLIST_KEY_UIApplicationSceneManifest_Generation = YES;
				INFOPLIST_KEY_UIApplicationSupportsIndirectInputEvents = YES;
				INFOPLIST_KEY_UILaunchScreen_Generation = YES;
				INFOPLIST_KEY_UIStatusBarStyle = "";
				INFOPLIST_KEY_UISupportedInterfaceOrientations = UIInterfaceOrientationPortrait;
				LD_RUNPATH_SEARCH_PATHS = (
					"$(inherited)",
					"@executable_path/Frameworks",
				);
				MARKETING_VERSION = 1.0;
				PRODUCT_BUNDLE_IDENTIFIER = "dev.mr-araujo.petlove-swiftui";
				PRODUCT_NAME = "$(TARGET_NAME)";
				SWIFT_EMIT_LOC_STRINGS = YES;
				SWIFT_VERSION = 5.0;
				TARGETED_DEVICE_FAMILY = "1,2";
			};
			name = Release;
		};
/* End XCBuildConfiguration section */

/* Begin XCConfigurationList section */
		6248F66428E781FD0050DFD6 /* Build configuration list for PBXProject "Petlove SwiftUI" */ = {
			isa = XCConfigurationList;
			buildConfigurations = (
				6248F68B28E781FE0050DFD6 /* Debug */,
				6248F68C28E781FE0050DFD6 /* Release */,
			);
			defaultConfigurationIsVisible = 0;
			defaultConfigurationName = Release;
		};
		6248F68D28E781FE0050DFD6 /* Build configuration list for PBXNativeTarget "Petlove SwiftUI" */ = {
			isa = XCConfigurationList;
			buildConfigurations = (
				6248F68E28E781FE0050DFD6 /* Debug */,
				6248F68F28E781FE0050DFD6 /* Release */,
			);
			defaultConfigurationIsVisible = 0;
			defaultConfigurationName = Release;
		};
/* End XCConfigurationList section */
	};
	rootObject = 6248F66128E781FD0050DFD6 /* Project object */;
}
